
Microsoft Visual Studio Solution File, Format Version 12.00
# Visual Studio Version 16
VisualStudioVersion = 16.0.31911.196
MinimumVisualStudioVersion = 10.0.40219.1
Project("{FAE04EC0-301F-11D3-BF4B-00C04F79EFBC}") = "ClientChatApp_20190140104_EkaNovaPramudya", "ClientChatApp_20190140104_EkaNovaPramudya\ClientChatApp_20190140104_EkaNovaPramudya.csproj", "{BCBA6D2F-931B-4963-A4FE-4F5C487FDA05}"
EndProject
Global
	GlobalSection(SolutionConfigurationPlatforms) = preSolution
		Debug|Any CPU = Debug|Any CPU
		Release|Any CPU = Release|Any CPU
	EndGlobalSection
	GlobalSection(ProjectConfigurationPlatforms) = postSolution
		{BCBA6D2F-931B-4963-A4FE-4F5C487FDA05}.Debug|Any CPU.ActiveCfg = Debug|Any CPU
		{BCBA6D2F-931B-4963-A4FE-4F5C487FDA05}.Debug|Any CPU.Build.0 = Debug|Any CPU
		{BCBA6D2F-931B-4963-A4FE-4F5C487FDA05}.Release|Any CPU.ActiveCfg = Release|Any CPU
		{BCBA6D2F-931B-4963-A4FE-4F5C487FDA05}.Release|Any CPU.Build.0 = Release|Any CPU
	EndGlobalSection
	GlobalSection(SolutionProperties) = preSolution
		HideSolutionNode = FALSE
	EndGlobalSection
	GlobalSection(ExtensibilityGlobals) = postSolution
		SolutionGuid = {E08674D6-B562-427F-B2AC-23988AA3B228}
	EndGlobalSection
EndGlobal
